# THIS IS AN AUTOGENERATED FILE. DO NOT EDIT THIS FILE DIRECTLY.
# yarn lockfile v1


"react-native-orientation@https://gitlab.com/ReactNativeLib/react-native-orientation.git":
  version "3.1.3"
  resolved "https://gitlab.com/ReactNativeLib/react-native-orientation.git#8185cb56cba15a82bf90cbb2efe7d35504e9c385"

react-native-status-bar-height@^2.1.0:
  version "2.3.1"
  resolved "https://registry.yarnpkg.com/react-native-status-bar-height/-/react-native-status-bar-height-2.3.1.tgz#b92ce9112c2367290847ac11284d9d84a6330169"
  integrity sha512-m9nGKYfFn6ljF1abafzF5cFaD9JCzXwj7kNE9CuF+g0TgtItH70eY2uHaCV9moENTftqd5XIS3Cx0mf4WfistA==
